github.com/davecgh/go-spew v1.1.1 h1:vj9j/u1bqnvCEfJOwUhtlOARqs3+rkHYY13jYWTU97c=
github.com/davecgh/go-spew v1.1.1/go.mod h1:J7Y8YcW2NihsgmVo/mv3lAwl/skON4iLHjSsI+c5H38=
github.com/omakoto/go-common v0.0.0-20230902063303-08faef488d31 h1:T2X4OUqCLz2NLWWRpaU1Z4G0Si7EN+0ENGdrzQvgVNU=
github.com/omakoto/go-common v0.0.0-20230902063303-08faef488d31/go.mod h1:PTXHLjhhbm2AqU2T10tH1YQrKh6JWG+31pX2Mijz0t8=
github.com/otiai10/gosseract/v2 v2.4.1 h1:G8AyBpXEeSlcq8TI85LH/pM5SXk8Djy2GEXisgyblRw=
github.com/otiai10/gosseract/v2 v2.4.1/go.mod h1:1gNWP4Hgr2o7yqWfs6r5bZxAatjOIdqWxJLWsTsembk=
github.com/pborman/getopt/v2 v2.1.0 h1:eNfR+r+dWLdWmV8g5OlpyrTYHkhVNxHBdN2cCrJmOEA=
github.com/pborman/getopt/v2 v2.1.0/go.mod h1:4NtW75ny4eBw9fO1bhtNdYTlZKYX5/tBLtsOpwKIKd0=
gocv.io/x/gocv v0.39.0 h1:vWHupDE22LebZW6id2mVeT767j1YS8WqGt+ZiV7XJXE=
gocv.io/x/gocv v0.39.0/go.mod h1:zYdWMj29WAEznM3Y8NsU3A0TRq/wR/cy75jeUypThqU=
